// !$*UTF8*$!
{
	archiveVersion = 1;
	classes = {
	};
	objectVersion = 50;
	objects = {

/* Begin PBXBuildFile section */
		53127BE325F854DE0056A2CC /* Book.swift in Sources */ = {isa = PBXBuildFile; fileRef = 53127BE225F854DE0056A2CC /* Book.swift */; };
		53127BE725F855120056A2CC /* BookStore.swift in Sources */ = {isa = PBXBuildFile; fileRef = 53127BE625F855120056A2CC /* BookStore.swift */; };
		5324FA36262A601800E289CC /* AddViewController.swift in Sources */ = {isa = PBXBuildFile; fileRef = 5324FA35262A601800E289CC /* AddViewController.swift */; };
		5324FA39262A67BF00E289CC /* BookStoreDelegate.swift in Sources */ = {isa = PBXBuildFile; fileRef = 5324FA38262A67BF00E289CC /* BookStoreDelegate.swift */; };
		53D136E725F30F3D002FC577 /* AppDelegate.swift in Sources */ = {isa = PBXBuildFile; fileRef = 53D136E625F30F3D002FC577 /* AppDelegate.swift */; };
		53D136E925F30F3D002FC577 /* SceneDelegate.swift in Sources */ = {isa = PBXBuildFile; fileRef = 53D136E825F30F3D002FC577 /* SceneDelegate.swift */; };
		53D136EB25F30F3D002FC577 /* MasterViewController.swift in Sources */ = {isa = PBXBuildFile; fileRef = 53D136EA25F30F3D002FC577 /* MasterViewController.swift */; };
		53D136EE25F30F3D002FC577 /* Main.storyboard in Resources */ = {isa = PBXBuildFile; fileRef = 53D136EC25F30F3D002FC577 /* Main.storyboard */; };
		53D136F025F30F3E002FC577 /* Assets.xcassets in Resources */ = {isa = PBXBuildFile; fileRef = 53D136EF25F30F3E002FC577 /* Assets.xcassets */; };
		53D136F325F30F3E002FC577 /* LaunchScreen.storyboard in Resources */ = {isa = PBXBuildFile; fileRef = 53D136F125F30F3E002FC577 /* LaunchScreen.storyboard */; };
		53D1370425F315CD002FC577 /* DetailViewController.swift in Sources */ = {isa = PBXBuildFile; fileRef = 53D1370325F315CC002FC577 /* DetailViewController.swift */; };
/* End PBXBuildFile section */

/* Begin PBXFileReference section */
		53127BE225F854DE0056A2CC /* Book.swift */ = {isa = PBXFileReference; lastKnownFileType = sourcecode.swift; path = Book.swift; sourceTree = SOURCE_ROOT; };
		53127BE625F855120056A2CC /* BookStore.swift */ = {isa = PBXFileReference; lastKnownFileType = sourcecode.swift; path = BookStore.swift; sourceTree = SOURCE_ROOT; };
		5324FA35262A601800E289CC /* AddViewController.swift */ = {isa = PBXFileReference; lastKnownFileType = sourcecode.swift; path = AddViewController.swift; sourceTree = "<group>"; };
		5324FA38262A67BF00E289CC /* BookStoreDelegate.swift */ = {isa = PBXFileReference; lastKnownFileType = sourcecode.swift; path = BookStoreDelegate.swift; sourceTree = "<group>"; };
		53D136E325F30F3D002FC577 /* BookStore.app */ = {isa = PBXFileReference; explicitFileType = wrapper.application; includeInIndex = 0; path = BookStore.app; sourceTree = BUILT_PRODUCTS_DIR; };
		53D136E625F30F3D002FC577 /* AppDelegate.swift */ = {isa = PBXFileReference; lastKnownFileType = sourcecode.swift; path = AppDelegate.swift; sourceTree = "<group>"; };
		53D136E825F30F3D002FC577 /* SceneDelegate.swift */ = {isa = PBXFileReference; lastKnownFileType = sourcecode.swift; path = SceneDelegate.swift; sourceTree = "<group>"; };
		53D136EA25F30F3D002FC577 /* MasterViewController.swift */ = {isa = PBXFileReference; lastKnownFileType = sourcecode.swift; path = MasterViewController.swift; sourceTree = "<group>"; };
		53D136ED25F30F3D002FC577 /* Base */ = {isa = PBXFileReference; lastKnownFileType = file.storyboard; name = Base; path = Base.lproj/Main.storyboard; sourceTree = "<group>"; };
		53D136EF25F30F3E002FC577 /* Assets.xcassets */ = {isa = PBXFileReference; lastKnownFileType = folder.assetcatalog; path = Assets.xcassets; sourceTree = "<group>"; };
		53D136F225F30F3E002FC577 /* Base */ = {isa = PBXFileReference; lastKnownFileType = file.storyboard; name = Base; path = Base.lproj/LaunchScreen.storyboard; sourceTree = "<group>"; };
		53D136F425F30F3E002FC577 /* Info.plist */ = {isa = PBXFileReference; lastKnownFileType = text.plist.xml; path = Info.plist; sourceTree = "<group>"; };
		53D1370325F315CC002FC577 /* DetailViewController.swift */ = {isa = PBXFileReference; lastKnownFileType = sourcecode.swift; path = DetailViewController.swift; sourceTree = "<group>"; };
/* End PBXFileReference section */

/* Begin PBXFrameworksBuildPhase section */
		53D136E025F30F3D002FC577 /* Frameworks */ = {
			isa = PBXFrameworksBuildPhase;
			buildActionMask = 2147483647;
			files = (
			);
			runOnlyForDeploymentPostprocessing = 0;
		};
/* End PBXFrameworksBuildPhase section */

/* Begin PBXGroup section */
		53D136DA25F30F3D002FC577 = {
			isa = PBXGroup;
			children = (
				53D136E525F30F3D002FC577 /* BookStore */,
				53D136E425F30F3D002FC577 /* Products */,
			);
			sourceTree = "<group>";
		};
		53D136E425F30F3D002FC577 /* Products */ = {
			isa = PBXGroup;
			children = (
				53D136E325F30F3D002FC577 /* BookStore.app */,
			);
			name = Products;
			sourceTree = "<group>";
		};
		53D136E525F30F3D002FC577 /* BookStore */ = {
			isa = PBXGroup;
			children = (
				53127BE225F854DE0056A2CC /* Book.swift */,
				53127BE625F855120056A2CC /* BookStore.swift */,
				53D136E625F30F3D002FC577 /* AppDelegate.swift */,
				53D136E825F30F3D002FC577 /* SceneDelegate.swift */,
				53D136EA25F30F3D002FC577 /* MasterViewController.swift */,
				53D1370325F315CC002FC577 /* DetailViewController.swift */,
				53D136EC25F30F3D002FC577 /* Main.storyboard */,
				53D136EF25F30F3E002FC577 /* Assets.xcassets */,
				53D136F125F30F3E002FC577 /* LaunchScreen.storyboard */,
				53D136F425F30F3E002FC577 /* Info.plist */,
				5324FA35262A601800E289CC /* AddViewController.swift */,
				5324FA38262A67BF00E289CC /* BookStoreDelegate.swift */,
			);
			path = BookStore;
			sourceTree = "<group>";
		};
/* End PBXGroup section */

/* Begin PBXNativeTarget section */
		53D136E225F30F3D002FC577 /* BookStore */ = {
			isa = PBXNativeTarget;
			buildConfigurationList = 53D136F725F30F3E002FC577 /* Build configuration list for PBXNativeTarget "BookStore" */;
			buildPhases = (
				53D136DF25F30F3D002FC577 /* Sources */,
				53D136E025F30F3D002FC577 /* Frameworks */,
				53D136E125F30F3D002FC577 /* Resources */,
			);
			buildRules = (
			);
			dependencies = (
			);
			name = BookStore;
			productName = BookStore;
			productReference = 53D136E325F30F3D002FC577 /* BookStore.app */;
			productType = "com.apple.product-type.application";
		};
/* End PBXNativeTarget section */

/* Begin PBXProject section */
		53D136DB25F30F3D002FC577 /* Project object */ = {
			isa = PBXProject;
			attributes = {
				LastSwiftUpdateCheck = 1210;
				LastUpgradeCheck = 1210;
				TargetAttributes = {
					53D136E225F30F3D002FC577 = {
						CreatedOnToolsVersion = 12.1;
					};
				};
			};
			buildConfigurationList = 53D136DE25F30F3D002FC577 /* Build configuration list for PBXProject "BookStore" */;
			compatibilityVersion = "Xcode 9.3";
			developmentRegion = en;
			hasScannedForEncodings = 0;
			knownRegions = (
				en,
				Base,
			);
			mainGroup = 53D136DA25F30F3D002FC577;
			productRefGroup = 53D136E425F30F3D002FC577 /* Products */;
			projectDirPath = "";
			projectRoot = "";
			targets = (
				53D136E225F30F3D002FC577 /* BookStore */,
			);
		};
/* End PBXProject section */

/* Begin PBXResourcesBuildPhase section */
		53D136E125F30F3D002FC577 /* Resources */ = {
			isa = PBXResourcesBuildPhase;
			buildActionMask = 2147483647;
			files = (
				53D136F325F30F3E002FC577 /* LaunchScreen.storyboard in Resources */,
				53D136F025F30F3E002FC577 /* Assets.xcassets in Resources */,
				53D136EE25F30F3D002FC577 /* Main.storyboard in Resources */,
			);
			runOnlyForDeploymentPostprocessing = 0;
		};
/* End PBXResourcesBuildPhase section */

/* Begin PBXSourcesBuildPhase section */
		53D136DF25F30F3D002FC577 /* Sources */ = {
			isa = PBXSourcesBuildPhase;
			buildActionMask = 2147483647;
			files = (
				53D136EB25F30F3D002FC577 /* MasterViewController.swift in Sources */,
				53127BE325F854DE0056A2CC /* Book.swift in Sources */,
				5324FA36262A601800E289CC /* AddViewController.swift in Sources */,
				53127BE725F855120056A2CC /* BookStore.swift in Sources */,
				53D1370425F315CD002FC577 /* DetailViewController.swift in Sources */,
				5324FA39262A67BF00E289CC /* BookStoreDelegate.swift in Sources */,
				53D136E725F30F3D002FC577 /* AppDelegate.swift in Sources */,
				53D136E925F30F3D002FC577 /* SceneDelegate.swift in Sources */,
			);
			runOnlyForDeploymentPostprocessing = 0;
		};
/* End PBXSourcesBuildPhase section */

/* Begin PBXVariantGroup section */
		53D136EC25F30F3D002FC577 /* Main.storyboard */ = {
			isa = PBXVariantGroup;
			children = (
				53D136ED25F30F3D002FC577 /* Base */,
			);
			name = Main.storyboard;
			sourceTree = "<group>";
		};
		53D136F125F30F3E002FC577 /* LaunchScreen.storyboard */ = {
			isa = PBXVariantGroup;
			children = (
				53D136F225F30F3E002FC577 /* Base */,
			);
			name = LaunchScreen.storyboard;
			sourceTree = "<group>";
		};
/* End PBXVariantGroup section */

/* Begin XCBuildConfiguration section */
		53D136F525F30F3E002FC577 /* Debug */ = {
			isa = XCBuildConfiguration;
			buildSettings = {
				ALWAYS_SEARCH_USER_PATHS = NO;
				CLANG_ANALYZER_NONNULL = YES;
				CLANG_ANALYZER_NUMBER_OBJECT_CONVERSION = YES_AGGRESSIVE;
				CLANG_CXX_LANGUAGE_STANDARD = "gnu++14";
				CLANG_CXX_LIBRARY = "libc++";
				CLANG_ENABLE_MODULES = YES;
				CLANG_ENABLE_OBJC_ARC = YES;
				CLANG_ENABLE_OBJC_WEAK = YES;
				CLANG_WARN_BLOCK_CAPTURE_AUTORELEASING = YES;
				CLANG_WARN_BOOL_CONVERSION = YES;
				CLANG_WARN_COMMA = YES;
				CLANG_WARN_CONSTANT_CONVERSION = YES;
				CLANG_WARN_DEPRECATED_OBJC_IMPLEMENTATIONS = YES;
				CLANG_WARN_DIRECT_OBJC_ISA_USAGE = YES_ERROR;
				CLANG_WARN_DOCUMENTATION_COMMENTS = YES;
				CLANG_WARN_EMPTY_BODY = YES;
				CLANG_WARN_ENUM_CONVERSION = YES;
				CLANG_WARN_INFINITE_RECURSION = YES;
				CLANG_WARN_INT_CONVERSION = YES;
				CLANG_WARN_NON_LITERAL_NULL_CONVERSION = YES;
				CLANG_WARN_OBJC_IMPLICIT_RETAIN_SELF = YES;
				CLANG_WARN_OBJC_LITERAL_CONVERSION = YES;
				CLANG_WARN_OBJC_ROOT_CLASS = YES_ERROR;
				CLANG_WARN_QUOTED_INCLUDE_IN_FRAMEWORK_HEADER = YES;
				CLANG_WARN_RANGE_LOOP_ANALYSIS = YES;
				CLANG_WARN_STRICT_PROTOTYPES = YES;
				CLANG_WARN_SUSPICIOUS_MOVE = YES;
				CLANG_WARN_UNGUARDED_AVAILABILITY = YES_AGGRESSIVE;
				CLANG_WARN_UNREACHABLE_CODE = YES;
				CLANG_WARN__DUPLICATE_METHOD_MATCH = YES;
				COPY_PHASE_STRIP = NO;
				DEBUG_INFORMATION_FORMAT = dwarf;
				ENABLE_STRICT_OBJC_MSGSEND = YES;
				ENABLE_TESTABILITY = YES;
				GCC_C_LANGUAGE_STANDARD = gnu11;
				GCC_DYNAMIC_NO_PIC = NO;
				GCC_NO_COMMON_BLOCKS = YES;
				GCC_OPTIMIZATION_LEVEL = 0;
				GCC_PREPROCESSOR_DEFINITIONS = (
					"DEBUG=1",
					"$(inherited)",
				);
				GCC_WARN_64_TO_32_BIT_CONVERSION = YES;
				GCC_WARN_ABOUT_RETURN_TYPE = YES_ERROR;
				GCC_WARN_UNDECLARED_SELECTOR = YES;
				GCC_WARN_UNINITIALIZED_AUTOS = YES_AGGRESSIVE;
				GCC_WARN_UNUSED_FUNCTION = YES;
				GCC_WARN_UNUSED_VARIABLE = YES;
				IPHONEOS_DEPLOYMENT_TARGET = 14.1;
				MTL_ENABLE_DEBUG_INFO = INCLUDE_SOURCE;
				MTL_FAST_MATH = YES;
				ONLY_ACTIVE_ARCH = YES;
				SDKROOT = iphoneos;
				SWIFT_ACTIVE_COMPILATION_CONDITIONS = DEBUG;
				SWIFT_OPTIMIZATION_LEVEL = "-Onone";
			};
			name = Debug;
		};
		53D136F625F30F3E002FC577 /* Release */ = {
			isa = XCBuildConfiguration;
			buildSettings = {
				ALWAYS_SEARCH_USER_PATHS = NO;
				CLANG_ANALYZER_NONNULL = YES;
				CLANG_ANALYZER_NUMBER_OBJECT_CONVERSION = YES_AGGRESSIVE;
				CLANG_CXX_LANGUAGE_STANDARD = "gnu++14";
				CLANG_CXX_LIBRARY = "libc++";
				CLANG_ENABLE_MODULES = YES;
				CLANG_ENABLE_OBJC_ARC = YES;
				CLANG_ENABLE_OBJC_WEAK = YES;
				CLANG_WARN_BLOCK_CAPTURE_AUTORELEASING = YES;
				CLANG_WARN_BOOL_CONVERSION = YES;
				CLANG_WARN_COMMA = YES;
				CLANG_WARN_CONSTANT_CONVERSION = YES;
				CLANG_WARN_DEPRECATED_OBJC_IMPLEMENTATIONS = YES;
				CLANG_WARN_DIRECT_OBJC_ISA_USAGE = YES_ERROR;
				CLANG_WARN_DOCUMENTATION_COMMENTS = YES;
				CLANG_WARN_EMPTY_BODY = YES;
				CLANG_WARN_ENUM_CONVERSION = YES;
				CLANG_WARN_INFINITE_RECURSION = YES;
				CLANG_WARN_INT_CONVERSION = YES;
				CLANG_WARN_NON_LITERAL_NULL_CONVERSION = YES;
				CLANG_WARN_OBJC_IMPLICIT_RETAIN_SELF = YES;
				CLANG_WARN_OBJC_LITERAL_CONVERSION = YES;
				CLANG_WARN_OBJC_ROOT_CLASS = YES_ERROR;
				CLANG_WARN_QUOTED_INCLUDE_IN_FRAMEWORK_HEADER = YES;
				CLANG_WARN_RANGE_LOOP_ANALYSIS = YES;
				CLANG_WARN_STRICT_PROTOTYPES = YES;
				CLANG_WARN_SUSPICIOUS_MOVE = YES;
				CLANG_WARN_UNGUARDED_AVAILABILITY = YES_AGGRESSIVE;
				CLANG_WARN_UNREACHABLE_CODE = YES;
				CLANG_WARN__DUPLICATE_METHOD_MATCH = YES;
				COPY_PHASE_STRIP = NO;
				DEBUG_INFORMATION_FORMAT = "dwarf-with-dsym";
				ENABLE_NS_ASSERTIONS = NO;
				ENABLE_STRICT_OBJC_MSGSEND = YES;
				GCC_C_LANGUAGE_STANDARD = gnu11;
				GCC_NO_COMMON_BLOCKS = YES;
				GCC_WARN_64_TO_32_BIT_CONVERSION = YES;
				GCC_WARN_ABOUT_RETURN_TYPE = YES_ERROR;
				GCC_WARN_UNDECLARED_SELECTOR = YES;
				GCC_WARN_UNINITIALIZED_AUTOS = YES_AGGRESSIVE;
				GCC_WARN_UNUSED_FUNCTION = YES;
				GCC_WARN_UNUSED_VARIABLE = YES;
				IPHONEOS_DEPLOYMENT_TARGET = 14.1;
				MTL_ENABLE_DEBUG_INFO = NO;
				MTL_FAST_MATH = YES;
				SDKROOT = iphoneos;
				SWIFT_COMPILATION_MODE = wholemodule;
				SWIFT_OPTIMIZATION_LEVEL = "-O";
				VALIDATE_PRODUCT = YES;
			};
			name = Release;
		};
		53D136F825F30F3E002FC577 /* Debug */ = {
			isa = XCBuildConfiguration;
			buildSettings = {
				ASSETCATALOG_COMPILER_APPICON_NAME = AppIcon;
				ASSETCATALOG_COMPILER_GLOBAL_ACCENT_COLOR_NAME = AccentColor;
				CODE_SIGN_STYLE = Automatic;
				INFOPLIST_FILE = BookStore/Info.plist;
				LD_RUNPATH_SEARCH_PATHS = (
					"$(inherited)",
					"@executable_path/Frameworks",
				);
				PRODUCT_BUNDLE_IDENTIFIER = tec.BookStore;
				PRODUCT_NAME = "$(TARGET_NAME)";
				SWIFT_VERSION = 5.0;
				TARGETED_DEVICE_FAMILY = "1,2";
			};
			name = Debug;
		};
		53D136F925F30F3E002FC577 /* Release */ = {
			isa = XCBuildConfiguration;
			buildSettings = {
				ASSETCATALOG_COMPILER_APPICON_NAME = AppIcon;
				ASSETCATALOG_COMPILER_GLOBAL_ACCENT_COLOR_NAME = AccentColor;
				CODE_SIGN_STYLE = Automatic;
				INFOPLIST_FILE = BookStore/Info.plist;
				LD_RUNPATH_SEARCH_PATHS = (
					"$(inherited)",
					"@executable_path/Frameworks",
				);
				PRODUCT_BUNDLE_IDENTIFIER = tec.BookStore;
				PRODUCT_NAME = "$(TARGET_NAME)";
				SWIFT_VERSION = 5.0;
				TARGETED_DEVICE_FAMILY = "1,2";
			};
			name = Release;
		};
/* End XCBuildConfiguration section */

/* Begin XCConfigurationList section */
		53D136DE25F30F3D002FC577 /* Build configuration list for PBXProject "BookStore" */ = {
			isa = XCConfigurationList;
			buildConfigurations = (
				53D136F525F30F3E002FC577 /* Debug */,
				53D136F625F30F3E002FC577 /* Release */,
			);
			defaultConfigurationIsVisible = 0;
			defaultConfigurationName = Release;
		};
		53D136F725F30F3E002FC577 /* Build configuration list for PBXNativeTarget "BookStore" */ = {
			isa = XCConfigurationList;
			buildConfigurations = (
				53D136F825F30F3E002FC577 /* Debug */,
				53D136F925F30F3E002FC577 /* Release */,
			);
			defaultConfigurationIsVisible = 0;
			defaultConfigurationName = Release;
		};
/* End XCConfigurationList section */
	};
	rootObject = 53D136DB25F30F3D002FC577 /* Project object */;
}
